// !$*UTF8*$!
{
	archiveVersion = 1;
	classes = {
	};
	objectVersion = 56;
	objects = {

/* Begin PBXFileReference section */
		F50000000000000000000001 /* Conflict.xcconfig */ = {isa = PBXFileReference; lastKnownFileType = text.xcconfig; path = Conflict.xcconfig; sourceTree = "<group>"; };
/* End PBXFileReference section */

/* Begin PBXGroup section */
		C50000000000000000000001 = {
			isa = PBXGroup;
			children = (
				F50000000000000000000001 /* Conflict.xcconfig */,
				C50000000000000000000002 /* Products */,
			);
			sourceTree = "<group>";
		};
		C50000000000000000000002 /* Products */ = {
			isa = PBXGroup;
			children = (
			);
			name = Products;
			sourceTree = "<group>";
		};
/* End PBXGroup section */

/* Begin PBXProject section */
		B50000000000000000000001 /* Project object */ = {
			isa = PBXProject;
			attributes = {
				BuildIndependentTargetsInParallel = 1;
				LastUpgradeCheck = 2700;
			};
			buildConfigurationList = J50000000000000000000001 /* Build configuration list for PBXProject "HarborConflict" */;
			compatibilityVersion = "Xcode 14.0";
			developmentRegion = en;
			hasScannedForEncodings = 0;
			knownRegions = (en, Base, );
			mainGroup = C50000000000000000000001;
			productRefGroup = C50000000000000000000002 /* Products */;
			projectDirPath = "";
			projectRoot = "";
			targets = (
			);
		};
/* End PBXProject section */

/* Begin XCBuildConfiguration section */
		I50000000000000000000001 /* Debug */ = {
			isa = XCBuildConfiguration;
			baseConfigurationReference = F50000000000000000000001 /* Conflict.xcconfig */;
			buildSettings = {
				SDKROOT = macosx;
			};
			name = Debug;
		};
		I50000000000000000000002 /* Release */ = {
			isa = XCBuildConfiguration;
			baseConfigurationReference = F50000000000000000000001 /* Conflict.xcconfig */;
			buildSettings = {
				SDKROOT = macosx;
			};
			name = Release;
		};
/* End XCBuildConfiguration section */

/* Begin XCConfigurationList section */
		J50000000000000000000001 /* Build configuration list for PBXProject "HarborConflict" */ = {
			isa = XCConfigurationList;
			buildConfigurations = (
				I50000000000000000000001 /* Debug */,
				I50000000000000000000002 /* Release */,
			);
			defaultConfigurationIsVisible = 0;
			defaultConfigurationName = Release;
		};
/* End XCConfigurationList section */
	};
	rootObject = B50000000000000000000001 /* Project object */;
}
