<?xml version="1.0" encoding="UTF-8"?>
<Scheme LastUpgradeVersion="2700" version="1.7">
   <BuildAction parallelizeBuildables="YES" buildImplicitDependencies="NO">
      <BuildActionEntries>
         <BuildActionEntry buildForTesting="YES" buildForRunning="YES" buildForProfiling="YES" buildForArchiving="YES" buildForAnalyzing="YES">
            <BuildableReference BuildableIdentifier="primary" BlueprintIdentifier="A40000000000000000000001" BuildableName="libHarborNested.a" BlueprintName="HarborNested" ReferencedContainer="container:HarborNested.xcodeproj"></BuildableReference>
         </BuildActionEntry>
      </BuildActionEntries>
   </BuildAction>
</Scheme>
